
Microsoft Visual Studio Solution File, Format Version 12.00
# Visual Studio Version 17
VisualStudioVersion = 17.9.34728.123
MinimumVisualStudioVersion = 10.0.40219.1
Project("{FAE04EC0-301F-11D3-BF4B-00C04F79EFBC}") = "SampleAW4", "SampleAW4.csproj", "{0AE2AE0F-5B6B-4D13-B89B-1C40B3A1C285}"
EndProject
Project("{FAE04EC0-301F-11D3-BF4B-00C04F79EFBC}") = "AWMobileAPI", "..\AWMobileAPI\AWMobileAPI.csproj", "{795DC19A-8043-406D-88F6-27110AE433B9}"
EndProject
Global
	GlobalSection(SolutionConfigurationPlatforms) = preSolution
		Debug|Any CPU = Debug|Any CPU
		Release|Any CPU = Release|Any CPU
	EndGlobalSection
	GlobalSection(ProjectConfigurationPlatforms) = postSolution
		{0AE2AE0F-5B6B-4D13-B89B-1C40B3A1C285}.Debug|Any CPU.ActiveCfg = Debug|Any CPU
		{0AE2AE0F-5B6B-4D13-B89B-1C40B3A1C285}.Debug|Any CPU.Build.0 = Debug|Any CPU
		{0AE2AE0F-5B6B-4D13-B89B-1C40B3A1C285}.Release|Any CPU.ActiveCfg = Release|Any CPU
		{0AE2AE0F-5B6B-4D13-B89B-1C40B3A1C285}.Release|Any CPU.Build.0 = Release|Any CPU
		{795DC19A-8043-406D-88F6-27110AE433B9}.Debug|Any CPU.ActiveCfg = Debug|Any CPU
		{795DC19A-8043-406D-88F6-27110AE433B9}.Debug|Any CPU.Build.0 = Debug|Any CPU
		{795DC19A-8043-406D-88F6-27110AE433B9}.Release|Any CPU.ActiveCfg = Release|Any CPU
		{795DC19A-8043-406D-88F6-27110AE433B9}.Release|Any CPU.Build.0 = Release|Any CPU
	EndGlobalSection
	GlobalSection(SolutionProperties) = preSolution
		HideSolutionNode = FALSE
	EndGlobalSection
	GlobalSection(ExtensibilityGlobals) = postSolution
		SolutionGuid = {FA7596D2-7F5B-443F-9B31-2B3EE679F0B0}
	EndGlobalSection
EndGlobal
